
Microsoft Visual Studio Solution File, Format Version 12.00
# Visual Studio Version 17
VisualStudioVersion = 17.5.002.0
MinimumVisualStudioVersion = 10.0.40219.1
Project("{9A19103F-16F7-4668-BE54-9A1E7A4F7556}") = "workclock", "workclock.csproj", "{D848AE41-CA20-4AD7-BFA3-C5A5FFA43636}"
EndProject
Global
	GlobalSection(SolutionConfigurationPlatforms) = preSolution
		Debug|Any CPU = Debug|Any CPU
		Release|Any CPU = Release|Any CPU
	EndGlobalSection
	GlobalSection(ProjectConfigurationPlatforms) = postSolution
		{D848AE41-CA20-4AD7-BFA3-C5A5FFA43636}.Debug|Any CPU.ActiveCfg = Debug|Any CPU
		{D848AE41-CA20-4AD7-BFA3-C5A5FFA43636}.Debug|Any CPU.Build.0 = Debug|Any CPU
		{D848AE41-CA20-4AD7-BFA3-C5A5FFA43636}.Release|Any CPU.ActiveCfg = Release|Any CPU
		{D848AE41-CA20-4AD7-BFA3-C5A5FFA43636}.Release|Any CPU.Build.0 = Release|Any CPU
	EndGlobalSection
	GlobalSection(SolutionProperties) = preSolution
		HideSolutionNode = FALSE
	EndGlobalSection
	GlobalSection(ExtensibilityGlobals) = postSolution
		SolutionGuid = {4D1237B3-11D0-49C5-B29E-1A1CE4A6A1FD}
	EndGlobalSection
EndGlobal
